
Microsoft Visual Studio Solution File, Format Version 12.00
# Visual Studio Version 17
VisualStudioVersion = 17.5.33530.505
MinimumVisualStudioVersion = 10.0.40219.1
Project("{FAE04EC0-301F-11D3-BF4B-00C04F79EFBC}") = "DockerS3DynamoDBTest", "DockerS3DynamoDBTest\DockerS3DynamoDBTest.csproj", "{D989D693-EBAC-46F5-8F41-19D924B97665}"
EndProject
Global
	GlobalSection(SolutionConfigurationPlatforms) = preSolution
		Debug|Any CPU = Debug|Any CPU
		Release|Any CPU = Release|Any CPU
	EndGlobalSection
	GlobalSection(ProjectConfigurationPlatforms) = postSolution
		{D989D693-EBAC-46F5-8F41-19D924B97665}.Debug|Any CPU.ActiveCfg = Debug|Any CPU
		{D989D693-EBAC-46F5-8F41-19D924B97665}.Debug|Any CPU.Build.0 = Debug|Any CPU
		{D989D693-EBAC-46F5-8F41-19D924B97665}.Release|Any CPU.ActiveCfg = Release|Any CPU
		{D989D693-EBAC-46F5-8F41-19D924B97665}.Release|Any CPU.Build.0 = Release|Any CPU
	EndGlobalSection
	GlobalSection(SolutionProperties) = preSolution
		HideSolutionNode = FALSE
	EndGlobalSection
	GlobalSection(ExtensibilityGlobals) = postSolution
		SolutionGuid = {3FD670EE-6800-4FAD-98CD-2E7205A4F8C6}
	EndGlobalSection
EndGlobal
